// !$*UTF8*$!
{
	archiveVersion = 1;
	classes = {
	};
	objectVersion = 46;
	objects = {

/* Begin PBXBuildFile section */
		5E0720321AB765BE009C270E /* UIViewController+NOCViewInitializer.m in Sources */ = {isa = PBXBuildFile; fileRef = 5E0720311AB765BE009C270E /* UIViewController+NOCViewInitializer.m */; };
		64017B721AC7648200230BF7 /* NOCViewInitializerSpec.m in Sources */ = {isa = PBXBuildFile; fileRef = 64017B711AC7648200230BF7 /* NOCViewInitializerSpec.m */; };
		6479D5871AC7713800FFF757 /* EXPMatcher+UIColor.m in Sources */ = {isa = PBXBuildFile; fileRef = 6479D5861AC7713800FFF757 /* EXPMatcher+UIColor.m */; };
		64CD4D371A9B2CE3004D9F4F /* NSString+NOCSize.m in Sources */ = {isa = PBXBuildFile; fileRef = 64CD4D361A9B2CE3004D9F4F /* NSString+NOCSize.m */; };
		64CD4D3A1A9B30A1004D9F4F /* NOCAppDelegate.m in Sources */ = {isa = PBXBuildFile; fileRef = 64CD4D391A9B30A1004D9F4F /* NOCAppDelegate.m */; };
		64CD4D3D1A9B30AB004D9F4F /* NOCExampleViewController.m in Sources */ = {isa = PBXBuildFile; fileRef = 64CD4D3C1A9B30AB004D9F4F /* NOCExampleViewController.m */; };
		64CD4D401A9B30B8004D9F4F /* NOCExampleView.m in Sources */ = {isa = PBXBuildFile; fileRef = 64CD4D3F1A9B30B8004D9F4F /* NOCExampleView.m */; };
		64CD4D421A9B30F3004D9F4F /* main.m in Sources */ = {isa = PBXBuildFile; fileRef = 64CD4D411A9B30F3004D9F4F /* main.m */; };
		64CD4D471A9B316C004D9F4F /* Images.xcassets in Resources */ = {isa = PBXBuildFile; fileRef = 64CD4D461A9B316C004D9F4F /* Images.xcassets */; };
		64CD4D4A1A9B32C6004D9F4F /* LaunchScreen.xib in Resources */ = {isa = PBXBuildFile; fileRef = 64CD4D431A9B314D004D9F4F /* LaunchScreen.xib */; };
		64D100E21A9B2940006EF915 /* NOCMacrosSpec.m in Sources */ = {isa = PBXBuildFile; fileRef = 64D100E11A9B2940006EF915 /* NOCMacrosSpec.m */; };
		64D2D5E41BC3BAC90084CF48 /* NSAttributedString+NOCSize.m in Sources */ = {isa = PBXBuildFile; fileRef = 64D2D5E31BC3BAC90084CF48 /* NSAttributedString+NOCSize.m */; };
		64DCA92E1B64F1C0005534CF /* NOCCGFloatMathSpec.m in Sources */ = {isa = PBXBuildFile; fileRef = 64DCA92D1B64F1C0005534CF /* NOCCGFloatMathSpec.m */; };
		64E0BEFD1AA09799007D74D3 /* NOCMacros.m in Sources */ = {isa = PBXBuildFile; fileRef = 64E0BEFC1AA09799007D74D3 /* NOCMacros.m */; };
		64E0BF051AA09D44007D74D3 /* Foundation.framework in Frameworks */ = {isa = PBXBuildFile; fileRef = 64E0BF031AA09D39007D74D3 /* Foundation.framework */; };
		64E0BF061AA09D44007D74D3 /* UIKit.framework in Frameworks */ = {isa = PBXBuildFile; fileRef = 64E0BF011AA09D2E007D74D3 /* UIKit.framework */; };
		64FA46C11B623A370046D5CF /* NOCCGFloatMath.m in Sources */ = {isa = PBXBuildFile; fileRef = 64FA46C01B623A370046D5CF /* NOCCGFloatMath.m */; };
		93449DBEEE7A28CA4E48BC7F /* libPods-NOCategoriesTests.a in Frameworks */ = {isa = PBXBuildFile; fileRef = E815E14738B1FFE1D84D6820 /* libPods-NOCategoriesTests.a */; };
/* End PBXBuildFile section */

/* Begin PBXContainerItemProxy section */
		64D100DC1A9B2940006EF915 /* PBXContainerItemProxy */ = {
			isa = PBXContainerItemProxy;
			containerPortal = 64D100BA1A9B293F006EF915 /* Project object */;
			proxyType = 1;
			remoteGlobalIDString = 64D100C11A9B2940006EF915;
			remoteInfo = NOCategories;
		};
/* End PBXContainerItemProxy section */

/* Begin PBXFileReference section */
		5E0720301AB765BE009C270E /* UIViewController+NOCViewInitializer.h */ = {isa = PBXFileReference; fileEncoding = 4; lastKnownFileType = sourcecode.c.h; name = "UIViewController+NOCViewInitializer.h"; path = "NOCategories/UIViewController+NOCViewInitializer.h"; sourceTree = "<group>"; };
		5E0720311AB765BE009C270E /* UIViewController+NOCViewInitializer.m */ = {isa = PBXFileReference; fileEncoding = 4; lastKnownFileType = sourcecode.c.objc; name = "UIViewController+NOCViewInitializer.m"; path = "NOCategories/UIViewController+NOCViewInitializer.m"; sourceTree = "<group>"; };
		64017B711AC7648200230BF7 /* NOCViewInitializerSpec.m */ = {isa = PBXFileReference; fileEncoding = 4; lastKnownFileType = sourcecode.c.objc; path = NOCViewInitializerSpec.m; sourceTree = "<group>"; };
		6479D5851AC7713800FFF757 /* EXPMatcher+UIColor.h */ = {isa = PBXFileReference; fileEncoding = 4; lastKnownFileType = sourcecode.c.h; path = "EXPMatcher+UIColor.h"; sourceTree = "<group>"; };
		6479D5861AC7713800FFF757 /* EXPMatcher+UIColor.m */ = {isa = PBXFileReference; fileEncoding = 4; lastKnownFileType = sourcecode.c.objc; path = "EXPMatcher+UIColor.m"; sourceTree = "<group>"; };
		6479D5891AC7718400FFF757 /* TestPrefix.pch */ = {isa = PBXFileReference; fileEncoding = 4; lastKnownFileType = sourcecode.c.h; path = TestPrefix.pch; sourceTree = "<group>"; };
		64CD4D351A9B2CE3004D9F4F /* NSString+NOCSize.h */ = {isa = PBXFileReference; fileEncoding = 4; lastKnownFileType = sourcecode.c.h; name = "NSString+NOCSize.h"; path = "NOCategories/NSString+NOCSize.h"; sourceTree = "<group>"; };
		64CD4D361A9B2CE3004D9F4F /* NSString+NOCSize.m */ = {isa = PBXFileReference; fileEncoding = 4; lastKnownFileType = sourcecode.c.objc; name = "NSString+NOCSize.m"; path = "NOCategories/NSString+NOCSize.m"; sourceTree = "<group>"; };
		64CD4D381A9B30A1004D9F4F /* NOCAppDelegate.h */ = {isa = PBXFileReference; fileEncoding = 4; lastKnownFileType = sourcecode.c.h; name = NOCAppDelegate.h; path = Example/NOCAppDelegate.h; sourceTree = "<group>"; };
		64CD4D391A9B30A1004D9F4F /* NOCAppDelegate.m */ = {isa = PBXFileReference; fileEncoding = 4; lastKnownFileType = sourcecode.c.objc; name = NOCAppDelegate.m; path = Example/NOCAppDelegate.m; sourceTree = "<group>"; };
		64CD4D3B1A9B30AB004D9F4F /* NOCExampleViewController.h */ = {isa = PBXFileReference; fileEncoding = 4; lastKnownFileType = sourcecode.c.h; name = NOCExampleViewController.h; path = Example/NOCExampleViewController.h; sourceTree = "<group>"; };
		64CD4D3C1A9B30AB004D9F4F /* NOCExampleViewController.m */ = {isa = PBXFileReference; fileEncoding = 4; lastKnownFileType = sourcecode.c.objc; name = NOCExampleViewController.m; path = Example/NOCExampleViewController.m; sourceTree = "<group>"; };
		64CD4D3E1A9B30B8004D9F4F /* NOCExampleView.h */ = {isa = PBXFileReference; fileEncoding = 4; lastKnownFileType = sourcecode.c.h; name = NOCExampleView.h; path = Example/NOCExampleView.h; sourceTree = "<group>"; };
		64CD4D3F1A9B30B8004D9F4F /* NOCExampleView.m */ = {isa = PBXFileReference; fileEncoding = 4; lastKnownFileType = sourcecode.c.objc; name = NOCExampleView.m; path = Example/NOCExampleView.m; sourceTree = "<group>"; };
		64CD4D411A9B30F3004D9F4F /* main.m */ = {isa = PBXFileReference; fileEncoding = 4; lastKnownFileType = sourcecode.c.objc; name = main.m; path = Example/main.m; sourceTree = "<group>"; };
		64CD4D441A9B314D004D9F4F /* Base */ = {isa = PBXFileReference; lastKnownFileType = file.xib; name = Base; path = Example/Base.lproj/LaunchScreen.xib; sourceTree = "<group>"; };
		64CD4D461A9B316C004D9F4F /* Images.xcassets */ = {isa = PBXFileReference; lastKnownFileType = folder.assetcatalog; name = Images.xcassets; path = Example/Resources/Images.xcassets; sourceTree = "<group>"; };
		64CD4D481A9B31C0004D9F4F /* Info.plist */ = {isa = PBXFileReference; fileEncoding = 4; lastKnownFileType = text.plist.xml; name = Info.plist; path = Example/Info.plist; sourceTree = "<group>"; };
		64D100C21A9B2940006EF915 /* NOCategories.app */ = {isa = PBXFileReference; explicitFileType = wrapper.application; includeInIndex = 0; path = NOCategories.app; sourceTree = BUILT_PRODUCTS_DIR; };
		64D100DB1A9B2940006EF915 /* NOCategoriesTests.xctest */ = {isa = PBXFileReference; explicitFileType = wrapper.cfbundle; includeInIndex = 0; path = NOCategoriesTests.xctest; sourceTree = BUILT_PRODUCTS_DIR; };
		64D100E01A9B2940006EF915 /* Info.plist */ = {isa = PBXFileReference; lastKnownFileType = text.plist.xml; path = Info.plist; sourceTree = "<group>"; };
		64D100E11A9B2940006EF915 /* NOCMacrosSpec.m */ = {isa = PBXFileReference; lastKnownFileType = sourcecode.c.objc; path = NOCMacrosSpec.m; sourceTree = "<group>"; };
		64D2D5E21BC3BAC90084CF48 /* NSAttributedString+NOCSize.h */ = {isa = PBXFileReference; fileEncoding = 4; lastKnownFileType = sourcecode.c.h; name = "NSAttributedString+NOCSize.h"; path = "NOCategories/NSAttributedString+NOCSize.h"; sourceTree = "<group>"; };
		64D2D5E31BC3BAC90084CF48 /* NSAttributedString+NOCSize.m */ = {isa = PBXFileReference; fileEncoding = 4; lastKnownFileType = sourcecode.c.objc; name = "NSAttributedString+NOCSize.m"; path = "NOCategories/NSAttributedString+NOCSize.m"; sourceTree = "<group>"; };
		64DCA92D1B64F1C0005534CF /* NOCCGFloatMathSpec.m */ = {isa = PBXFileReference; fileEncoding = 4; lastKnownFileType = sourcecode.c.objc; path = NOCCGFloatMathSpec.m; sourceTree = "<group>"; };
		64E0BEFB1AA09799007D74D3 /* NOCMacros.h */ = {isa = PBXFileReference; fileEncoding = 4; lastKnownFileType = sourcecode.c.h; name = NOCMacros.h; path = NOCategories/NOCMacros.h; sourceTree = "<group>"; };
		64E0BEFC1AA09799007D74D3 /* NOCMacros.m */ = {isa = PBXFileReference; fileEncoding = 4; lastKnownFileType = sourcecode.c.objc; name = NOCMacros.m; path = NOCategories/NOCMacros.m; sourceTree = "<group>"; };
		64E0BF011AA09D2E007D74D3 /* UIKit.framework */ = {isa = PBXFileReference; lastKnownFileType = wrapper.framework; name = UIKit.framework; path = System/Library/Frameworks/UIKit.framework; sourceTree = SDKROOT; };
		64E0BF031AA09D39007D74D3 /* Foundation.framework */ = {isa = PBXFileReference; lastKnownFileType = wrapper.framework; name = Foundation.framework; path = System/Library/Frameworks/Foundation.framework; sourceTree = SDKROOT; };
		64FA46BF1B623A370046D5CF /* NOCCGFloatMath.h */ = {isa = PBXFileReference; fileEncoding = 4; lastKnownFileType = sourcecode.c.h; name = NOCCGFloatMath.h; path = NOCategories/NOCCGFloatMath.h; sourceTree = "<group>"; };
		64FA46C01B623A370046D5CF /* NOCCGFloatMath.m */ = {isa = PBXFileReference; fileEncoding = 4; lastKnownFileType = sourcecode.c.objc; name = NOCCGFloatMath.m; path = NOCategories/NOCCGFloatMath.m; sourceTree = "<group>"; };
		B20646D1E79B87510317517D /* Pods-NOCategoriesTests.debug.xcconfig */ = {isa = PBXFileReference; includeInIndex = 1; lastKnownFileType = text.xcconfig; name = "Pods-NOCategoriesTests.debug.xcconfig"; path = "Pods/Target Support Files/Pods-NOCategoriesTests/Pods-NOCategoriesTests.debug.xcconfig"; sourceTree = "<group>"; };
		C449BF908DE806EBA229C099 /* Pods-NOCategoriesTests.release.xcconfig */ = {isa = PBXFileReference; includeInIndex = 1; lastKnownFileType = text.xcconfig; name = "Pods-NOCategoriesTests.release.xcconfig"; path = "Pods/Target Support Files/Pods-NOCategoriesTests/Pods-NOCategoriesTests.release.xcconfig"; sourceTree = "<group>"; };
		E815E14738B1FFE1D84D6820 /* libPods-NOCategoriesTests.a */ = {isa = PBXFileReference; explicitFileType = archive.ar; includeInIndex = 0; path = "libPods-NOCategoriesTests.a"; sourceTree = BUILT_PRODUCTS_DIR; };
/* End PBXFileReference section */

/* Begin PBXFrameworksBuildPhase section */
		64D100BF1A9B2940006EF915 /* Frameworks */ = {
			isa = PBXFrameworksBuildPhase;
			buildActionMask = 2147483647;
			files = (
				64E0BF051AA09D44007D74D3 /* Foundation.framework in Frameworks */,
				64E0BF061AA09D44007D74D3 /* UIKit.framework in Frameworks */,
			);
			runOnlyForDeploymentPostprocessing = 0;
		};
		64D100D81A9B2940006EF915 /* Frameworks */ = {
			isa = PBXFrameworksBuildPhase;
			buildActionMask = 2147483647;
			files = (
				93449DBEEE7A28CA4E48BC7F /* libPods-NOCategoriesTests.a in Frameworks */,
			);
			runOnlyForDeploymentPostprocessing = 0;
		};
/* End PBXFrameworksBuildPhase section */

/* Begin PBXGroup section */
		49BF87A75A6F1C07271364BA /* Frameworks */ = {
			isa = PBXGroup;
			children = (
				E815E14738B1FFE1D84D6820 /* libPods-NOCategoriesTests.a */,
			);
			name = Frameworks;
			sourceTree = "<group>";
		};
		6479D5881AC7713E00FFF757 /* Matchers */ = {
			isa = PBXGroup;
			children = (
				6479D5851AC7713800FFF757 /* EXPMatcher+UIColor.h */,
				6479D5861AC7713800FFF757 /* EXPMatcher+UIColor.m */,
			);
			name = Matchers;
			sourceTree = "<group>";
		};
		64D100B91A9B293F006EF915 = {
			isa = PBXGroup;
			children = (
				64D100C41A9B2940006EF915 /* NOCategories */,
				64D100DE1A9B2940006EF915 /* NOCategoriesTests */,
				64D100C31A9B2940006EF915 /* Products */,
				9F5171F6F442B5F9CCD516AD /* Pods */,
				49BF87A75A6F1C07271364BA /* Frameworks */,
			);
			sourceTree = "<group>";
		};
		64D100C31A9B2940006EF915 /* Products */ = {
			isa = PBXGroup;
			children = (
				64D100C21A9B2940006EF915 /* NOCategories.app */,
				64D100DB1A9B2940006EF915 /* NOCategoriesTests.xctest */,
			);
			name = Products;
			sourceTree = "<group>";
		};
		64D100C41A9B2940006EF915 /* NOCategories */ = {
			isa = PBXGroup;
			children = (
				64CD4D381A9B30A1004D9F4F /* NOCAppDelegate.h */,
				64CD4D391A9B30A1004D9F4F /* NOCAppDelegate.m */,
				64FA46C61B623C4D0046D5CF /* NOCategories */,
				64D100EC1A9B2969006EF915 /* Example */,
				64D100EB1A9B2952006EF915 /* Resources */,
				64E0BF001AA09D17007D74D3 /* Frameworks */,
				64D100C51A9B2940006EF915 /* Supporting Files */,
			);
			path = NOCategories;
			sourceTree = "<group>";
		};
		64D100C51A9B2940006EF915 /* Supporting Files */ = {
			isa = PBXGroup;
			children = (
				64CD4D411A9B30F3004D9F4F /* main.m */,
				64CD4D481A9B31C0004D9F4F /* Info.plist */,
			);
			name = "Supporting Files";
			sourceTree = "<group>";
		};
		64D100DE1A9B2940006EF915 /* NOCategoriesTests */ = {
			isa = PBXGroup;
			children = (
				64D100E11A9B2940006EF915 /* NOCMacrosSpec.m */,
				64DCA92D1B64F1C0005534CF /* NOCCGFloatMathSpec.m */,
				64017B711AC7648200230BF7 /* NOCViewInitializerSpec.m */,
				6479D5881AC7713E00FFF757 /* Matchers */,
				64D100DF1A9B2940006EF915 /* Supporting Files */,
			);
			path = NOCategoriesTests;
			sourceTree = "<group>";
		};
		64D100DF1A9B2940006EF915 /* Supporting Files */ = {
			isa = PBXGroup;
			children = (
				64D100E01A9B2940006EF915 /* Info.plist */,
				6479D5891AC7718400FFF757 /* TestPrefix.pch */,
			);
			name = "Supporting Files";
			sourceTree = "<group>";
		};
		64D100EB1A9B2952006EF915 /* Resources */ = {
			isa = PBXGroup;
			children = (
				64CD4D461A9B316C004D9F4F /* Images.xcassets */,
				64CD4D431A9B314D004D9F4F /* LaunchScreen.xib */,
			);
			name = Resources;
			sourceTree = "<group>";
		};
		64D100EC1A9B2969006EF915 /* Example */ = {
			isa = PBXGroup;
			children = (
				64D100EE1A9B297C006EF915 /* Views */,
				64CD4D3B1A9B30AB004D9F4F /* NOCExampleViewController.h */,
				64CD4D3C1A9B30AB004D9F4F /* NOCExampleViewController.m */,
			);
			name = Example;
			sourceTree = "<group>";
		};
		64D100ED1A9B296D006EF915 /* Categories */ = {
			isa = PBXGroup;
			children = (
				64FA46C91B623C670046D5CF /* UIViewController */,
				64FA46C81B623C5F0046D5CF /* NSAttributedString */,
				64FA46C71B623C5A0046D5CF /* NSString */,
			);
			name = Categories;
			sourceTree = "<group>";
		};
		64D100EE1A9B297C006EF915 /* Views */ = {
			isa = PBXGroup;
			children = (
				64CD4D3E1A9B30B8004D9F4F /* NOCExampleView.h */,
				64CD4D3F1A9B30B8004D9F4F /* NOCExampleView.m */,
			);
			name = Views;
			sourceTree = "<group>";
		};
		64E0BF001AA09D17007D74D3 /* Frameworks */ = {
			isa = PBXGroup;
			children = (
				64E0BF031AA09D39007D74D3 /* Foundation.framework */,
				64E0BF011AA09D2E007D74D3 /* UIKit.framework */,
			);
			name = Frameworks;
			sourceTree = "<group>";
		};
		64FA46C21B623C0B0046D5CF /* Macros / Inlines */ = {
			isa = PBXGroup;
			children = (
				64E0BEFB1AA09799007D74D3 /* NOCMacros.h */,
				64E0BEFC1AA09799007D74D3 /* NOCMacros.m */,
				64FA46BF1B623A370046D5CF /* NOCCGFloatMath.h */,
				64FA46C01B623A370046D5CF /* NOCCGFloatMath.m */,
			);
			name = "Macros / Inlines";
			sourceTree = "<group>";
		};
		64FA46C61B623C4D0046D5CF /* NOCategories */ = {
			isa = PBXGroup;
			children = (
				64FA46C21B623C0B0046D5CF /* Macros / Inlines */,
				64D100ED1A9B296D006EF915 /* Categories */,
			);
			name = NOCategories;
			sourceTree = "<group>";
		};
		64FA46C71B623C5A0046D5CF /* NSString */ = {
			isa = PBXGroup;
			children = (
				64CD4D351A9B2CE3004D9F4F /* NSString+NOCSize.h */,
				64CD4D361A9B2CE3004D9F4F /* NSString+NOCSize.m */,
			);
			name = NSString;
			sourceTree = "<group>";
		};
		64FA46C81B623C5F0046D5CF /* NSAttributedString */ = {
			isa = PBXGroup;
			children = (
				64D2D5E21BC3BAC90084CF48 /* NSAttributedString+NOCSize.h */,
				64D2D5E31BC3BAC90084CF48 /* NSAttributedString+NOCSize.m */,
			);
			name = NSAttributedString;
			sourceTree = "<group>";
		};
		64FA46C91B623C670046D5CF /* UIViewController */ = {
			isa = PBXGroup;
			children = (
				5E0720301AB765BE009C270E /* UIViewController+NOCViewInitializer.h */,
				5E0720311AB765BE009C270E /* UIViewController+NOCViewInitializer.m */,
			);
			name = UIViewController;
			sourceTree = "<group>";
		};
		9F5171F6F442B5F9CCD516AD /* Pods */ = {
			isa = PBXGroup;
			children = (
				B20646D1E79B87510317517D /* Pods-NOCategoriesTests.debug.xcconfig */,
				C449BF908DE806EBA229C099 /* Pods-NOCategoriesTests.release.xcconfig */,
			);
			name = Pods;
			sourceTree = "<group>";
		};
/* End PBXGroup section */

/* Begin PBXNativeTarget section */
		64D100C11A9B2940006EF915 /* NOCategories */ = {
			isa = PBXNativeTarget;
			buildConfigurationList = 64D100E51A9B2940006EF915 /* Build configuration list for PBXNativeTarget "NOCategories" */;
			buildPhases = (
				64D100BE1A9B2940006EF915 /* Sources */,
				64D100BF1A9B2940006EF915 /* Frameworks */,
				64D100C01A9B2940006EF915 /* Resources */,
				OBJCLEANCUSTOMRUNSCRIPTT /* Objective-Clean Run Script */,
			);
			buildRules = (
			);
			dependencies = (
			);
			name = NOCategories;
			productName = NOCategories;
			productReference = 64D100C21A9B2940006EF915 /* NOCategories.app */;
			productType = "com.apple.product-type.application";
		};
		64D100DA1A9B2940006EF915 /* NOCategoriesTests */ = {
			isa = PBXNativeTarget;
			buildConfigurationList = 64D100E81A9B2940006EF915 /* Build configuration list for PBXNativeTarget "NOCategoriesTests" */;
			buildPhases = (
				262532C0350F1AFCBDFA5FE0 /* Check Pods Manifest.lock */,
				64D100D71A9B2940006EF915 /* Sources */,
				64D100D81A9B2940006EF915 /* Frameworks */,
				64D100D91A9B2940006EF915 /* Resources */,
				62DE96DCC11F1FF7205119FB /* Copy Pods Resources */,
			);
			buildRules = (
			);
			dependencies = (
				64D100DD1A9B2940006EF915 /* PBXTargetDependency */,
			);
			name = NOCategoriesTests;
			productName = NOCategoriesTests;
			productReference = 64D100DB1A9B2940006EF915 /* NOCategoriesTests.xctest */;
			productType = "com.apple.product-type.bundle.unit-test";
		};
/* End PBXNativeTarget section */

/* Begin PBXProject section */
		64D100BA1A9B293F006EF915 /* Project object */ = {
			isa = PBXProject;
			attributes = {
				CLASSPREFIX = NOC;
				LastUpgradeCheck = 0700;
				ORGANIZATIONNAME = iOskApps;
				TargetAttributes = {
					64D100C11A9B2940006EF915 = {
						CreatedOnToolsVersion = 6.1.1;
					};
					64D100DA1A9B2940006EF915 = {
						CreatedOnToolsVersion = 6.1.1;
						TestTargetID = 64D100C11A9B2940006EF915;
					};
				};
			};
			buildConfigurationList = 64D100BD1A9B293F006EF915 /* Build configuration list for PBXProject "NOCategories" */;
			compatibilityVersion = "Xcode 3.2";
			developmentRegion = English;
			hasScannedForEncodings = 0;
			knownRegions = (
				en,
				Base,
			);
			mainGroup = 64D100B91A9B293F006EF915;
			productRefGroup = 64D100C31A9B2940006EF915 /* Products */;
			projectDirPath = "";
			projectRoot = "";
			targets = (
				64D100C11A9B2940006EF915 /* NOCategories */,
				64D100DA1A9B2940006EF915 /* NOCategoriesTests */,
			);
		};
/* End PBXProject section */

/* Begin PBXResourcesBuildPhase section */
		64D100C01A9B2940006EF915 /* Resources */ = {
			isa = PBXResourcesBuildPhase;
			buildActionMask = 2147483647;
			files = (
				64CD4D471A9B316C004D9F4F /* Images.xcassets in Resources */,
				64CD4D4A1A9B32C6004D9F4F /* LaunchScreen.xib in Resources */,
			);
			runOnlyForDeploymentPostprocessing = 0;
		};
		64D100D91A9B2940006EF915 /* Resources */ = {
			isa = PBXResourcesBuildPhase;
			buildActionMask = 2147483647;
			files = (
			);
			runOnlyForDeploymentPostprocessing = 0;
		};
/* End PBXResourcesBuildPhase section */

/* Begin PBXShellScriptBuildPhase section */
		262532C0350F1AFCBDFA5FE0 /* Check Pods Manifest.lock */ = {
			isa = PBXShellScriptBuildPhase;
			buildActionMask = 2147483647;
			files = (
			);
			inputPaths = (
			);
			name = "Check Pods Manifest.lock";
			outputPaths = (
			);
			runOnlyForDeploymentPostprocessing = 0;
			shellPath = /bin/sh;
			shellScript = "diff \"${PODS_ROOT}/../Podfile.lock\" \"${PODS_ROOT}/Manifest.lock\" > /dev/null\nif [[ $? != 0 ]] ; then\n    cat << EOM\nerror: The sandbox is not in sync with the Podfile.lock. Run 'pod install' or update your CocoaPods installation.\nEOM\n    exit 1\nfi\n";
			showEnvVarsInLog = 0;
		};
		62DE96DCC11F1FF7205119FB /* Copy Pods Resources */ = {
			isa = PBXShellScriptBuildPhase;
			buildActionMask = 2147483647;
			files = (
			);
			inputPaths = (
			);
			name = "Copy Pods Resources";
			outputPaths = (
			);
			runOnlyForDeploymentPostprocessing = 0;
			shellPath = /bin/sh;
			shellScript = "\"${SRCROOT}/Pods/Target Support Files/Pods-NOCategoriesTests/Pods-NOCategoriesTests-resources.sh\"\n";
			showEnvVarsInLog = 0;
		};
		OBJCLEANCUSTOMRUNSCRIPTT /* Objective-Clean Run Script */ = {
			isa = PBXShellScriptBuildPhase;
			buildActionMask = 2147483647;
			files = (
			);
			inputPaths = (
			);
			name = "Objective-Clean Run Script";
			outputPaths = (
			);
			runOnlyForDeploymentPostprocessing = 0;
			shellPath = /bin/bash;
			shellScript = "if [[ -z ${SKIP_OBJCLEAN} || ${SKIP_OBJCLEAN} != 1 ]]; then\nif [[ -d \"${LOCAL_APPS_DIR}/Objective-Clean.app\" ]]; then \n\"${LOCAL_APPS_DIR}\"/Objective-Clean.app/Contents/Resources/ObjClean.app/Contents/MacOS/ObjClean \"${SRCROOT}\" \nelse\necho \"warning: You have to install and set up Objective-Clean to use its features!\" \nfi\nfi";
		};
/* End PBXShellScriptBuildPhase section */

/* Begin PBXSourcesBuildPhase section */
		64D100BE1A9B2940006EF915 /* Sources */ = {
			isa = PBXSourcesBuildPhase;
			buildActionMask = 2147483647;
			files = (
				64CD4D421A9B30F3004D9F4F /* main.m in Sources */,
				64CD4D3D1A9B30AB004D9F4F /* NOCExampleViewController.m in Sources */,
				64CD4D371A9B2CE3004D9F4F /* NSString+NOCSize.m in Sources */,
				64CD4D401A9B30B8004D9F4F /* NOCExampleView.m in Sources */,
				64CD4D3A1A9B30A1004D9F4F /* NOCAppDelegate.m in Sources */,
				64D2D5E41BC3BAC90084CF48 /* NSAttributedString+NOCSize.m in Sources */,
				64FA46C11B623A370046D5CF /* NOCCGFloatMath.m in Sources */,
				5E0720321AB765BE009C270E /* UIViewController+NOCViewInitializer.m in Sources */,
				64E0BEFD1AA09799007D74D3 /* NOCMacros.m in Sources */,
			);
			runOnlyForDeploymentPostprocessing = 0;
		};
		64D100D71A9B2940006EF915 /* Sources */ = {
			isa = PBXSourcesBuildPhase;
			buildActionMask = 2147483647;
			files = (
				64DCA92E1B64F1C0005534CF /* NOCCGFloatMathSpec.m in Sources */,
				64D100E21A9B2940006EF915 /* NOCMacrosSpec.m in Sources */,
				6479D5871AC7713800FFF757 /* EXPMatcher+UIColor.m in Sources */,
				64017B721AC7648200230BF7 /* NOCViewInitializerSpec.m in Sources */,
			);
			runOnlyForDeploymentPostprocessing = 0;
		};
/* End PBXSourcesBuildPhase section */

/* Begin PBXTargetDependency section */
		64D100DD1A9B2940006EF915 /* PBXTargetDependency */ = {
			isa = PBXTargetDependency;
			target = 64D100C11A9B2940006EF915 /* NOCategories */;
			targetProxy = 64D100DC1A9B2940006EF915 /* PBXContainerItemProxy */;
		};
/* End PBXTargetDependency section */

/* Begin PBXVariantGroup section */
		64CD4D431A9B314D004D9F4F /* LaunchScreen.xib */ = {
			isa = PBXVariantGroup;
			children = (
				64CD4D441A9B314D004D9F4F /* Base */,
			);
			name = LaunchScreen.xib;
			sourceTree = "<group>";
		};
/* End PBXVariantGroup section */

/* Begin XCBuildConfiguration section */
		64D100E31A9B2940006EF915 /* Debug */ = {
			isa = XCBuildConfiguration;
			buildSettings = {
				ALWAYS_SEARCH_USER_PATHS = NO;
				CLANG_CXX_LANGUAGE_STANDARD = "gnu++0x";
				CLANG_CXX_LIBRARY = "libc++";
				CLANG_ENABLE_MODULES = YES;
				CLANG_ENABLE_OBJC_ARC = YES;
				CLANG_WARN_BOOL_CONVERSION = YES;
				CLANG_WARN_CONSTANT_CONVERSION = YES;
				CLANG_WARN_DIRECT_OBJC_ISA_USAGE = YES_ERROR;
				CLANG_WARN_EMPTY_BODY = YES;
				CLANG_WARN_ENUM_CONVERSION = YES;
				CLANG_WARN_INT_CONVERSION = YES;
				CLANG_WARN_OBJC_ROOT_CLASS = YES_ERROR;
				CLANG_WARN_UNREACHABLE_CODE = YES;
				CLANG_WARN__DUPLICATE_METHOD_MATCH = YES;
				"CODE_SIGN_IDENTITY[sdk=iphoneos*]" = "iPhone Developer";
				COPY_PHASE_STRIP = NO;
				ENABLE_STRICT_OBJC_MSGSEND = YES;
				ENABLE_TESTABILITY = YES;
				GCC_C_LANGUAGE_STANDARD = gnu99;
				GCC_DYNAMIC_NO_PIC = NO;
				GCC_OPTIMIZATION_LEVEL = 0;
				GCC_PREPROCESSOR_DEFINITIONS = (
					"DEBUG=1",
					"$(inherited)",
				);
				GCC_SYMBOLS_PRIVATE_EXTERN = NO;
				GCC_WARN_64_TO_32_BIT_CONVERSION = YES;
				GCC_WARN_ABOUT_RETURN_TYPE = YES_ERROR;
				GCC_WARN_UNDECLARED_SELECTOR = YES;
				GCC_WARN_UNINITIALIZED_AUTOS = YES_AGGRESSIVE;
				GCC_WARN_UNUSED_FUNCTION = YES;
				GCC_WARN_UNUSED_VARIABLE = YES;
				IPHONEOS_DEPLOYMENT_TARGET = 8.1;
				MTL_ENABLE_DEBUG_INFO = YES;
				ONLY_ACTIVE_ARCH = YES;
				SDKROOT = iphoneos;
				TARGETED_DEVICE_FAMILY = "1,2";
			};
			name = Debug;
		};
		64D100E41A9B2940006EF915 /* Release */ = {
			isa = XCBuildConfiguration;
			buildSettings = {
				ALWAYS_SEARCH_USER_PATHS = NO;
				CLANG_CXX_LANGUAGE_STANDARD = "gnu++0x";
				CLANG_CXX_LIBRARY = "libc++";
				CLANG_ENABLE_MODULES = YES;
				CLANG_ENABLE_OBJC_ARC = YES;
				CLANG_WARN_BOOL_CONVERSION = YES;
				CLANG_WARN_CONSTANT_CONVERSION = YES;
				CLANG_WARN_DIRECT_OBJC_ISA_USAGE = YES_ERROR;
				CLANG_WARN_EMPTY_BODY = YES;
				CLANG_WARN_ENUM_CONVERSION = YES;
				CLANG_WARN_INT_CONVERSION = YES;
				CLANG_WARN_OBJC_ROOT_CLASS = YES_ERROR;
				CLANG_WARN_UNREACHABLE_CODE = YES;
				CLANG_WARN__DUPLICATE_METHOD_MATCH = YES;
				"CODE_SIGN_IDENTITY[sdk=iphoneos*]" = "iPhone Developer";
				COPY_PHASE_STRIP = YES;
				ENABLE_NS_ASSERTIONS = NO;
				ENABLE_STRICT_OBJC_MSGSEND = YES;
				GCC_C_LANGUAGE_STANDARD = gnu99;
				GCC_WARN_64_TO_32_BIT_CONVERSION = YES;
				GCC_WARN_ABOUT_RETURN_TYPE = YES_ERROR;
				GCC_WARN_UNDECLARED_SELECTOR = YES;
				GCC_WARN_UNINITIALIZED_AUTOS = YES_AGGRESSIVE;
				GCC_WARN_UNUSED_FUNCTION = YES;
				GCC_WARN_UNUSED_VARIABLE = YES;
				IPHONEOS_DEPLOYMENT_TARGET = 8.1;
				MTL_ENABLE_DEBUG_INFO = NO;
				SDKROOT = iphoneos;
				TARGETED_DEVICE_FAMILY = "1,2";
				VALIDATE_PRODUCT = YES;
			};
			name = Release;
		};
		64D100E61A9B2940006EF915 /* Debug */ = {
			isa = XCBuildConfiguration;
			buildSettings = {
				ASSETCATALOG_COMPILER_APPICON_NAME = AppIcon;
				ASSETCATALOG_COMPILER_LAUNCHIMAGE_NAME = LaunchImage;
				GCC_TREAT_WARNINGS_AS_ERRORS = YES;
				INFOPLIST_FILE = NOCategories/Example/Info.plist;
				IPHONEOS_DEPLOYMENT_TARGET = 6.0;
				LD_RUNPATH_SEARCH_PATHS = "$(inherited) @executable_path/Frameworks";
				ONLY_ACTIVE_ARCH = YES;
				PRODUCT_BUNDLE_IDENTIFIER = "com.ioskapps.$(PRODUCT_NAME:rfc1034identifier)";
				PRODUCT_NAME = "$(TARGET_NAME)";
				WARNING_CFLAGS = "-Wfloat-equal";
			};
			name = Debug;
		};
		64D100E71A9B2940006EF915 /* Release */ = {
			isa = XCBuildConfiguration;
			buildSettings = {
				ASSETCATALOG_COMPILER_APPICON_NAME = AppIcon;
				ASSETCATALOG_COMPILER_LAUNCHIMAGE_NAME = LaunchImage;
				GCC_SYMBOLS_PRIVATE_EXTERN = YES;
				GCC_TREAT_WARNINGS_AS_ERRORS = YES;
				INFOPLIST_FILE = NOCategories/Example/Info.plist;
				IPHONEOS_DEPLOYMENT_TARGET = 6.0;
				LD_RUNPATH_SEARCH_PATHS = "$(inherited) @executable_path/Frameworks";
				PRODUCT_BUNDLE_IDENTIFIER = "com.ioskapps.$(PRODUCT_NAME:rfc1034identifier)";
				PRODUCT_NAME = "$(TARGET_NAME)";
				WARNING_CFLAGS = "-Wfloat-equal";
			};
			name = Release;
		};
		64D100E91A9B2940006EF915 /* Debug */ = {
			isa = XCBuildConfiguration;
			baseConfigurationReference = B20646D1E79B87510317517D /* Pods-NOCategoriesTests.debug.xcconfig */;
			buildSettings = {
				BUNDLE_LOADER = "$(TEST_HOST)";
				EXECUTABLE_PREFIX = "";
				FRAMEWORK_SEARCH_PATHS = (
					"$(SDKROOT)/Developer/Library/Frameworks",
					"$(inherited)",
				);
				GCC_PRECOMPILE_PREFIX_HEADER = YES;
				GCC_PREFIX_HEADER = NOCategoriesTests/TestPrefix.pch;
				GCC_PREPROCESSOR_DEFINITIONS = (
					"DEBUG=1",
					"$(inherited)",
				);
				GCC_TREAT_WARNINGS_AS_ERRORS = YES;
				INFOPLIST_FILE = NOCategoriesTests/Info.plist;
				LD_RUNPATH_SEARCH_PATHS = "$(inherited) @executable_path/Frameworks @loader_path/Frameworks";
				ONLY_ACTIVE_ARCH = YES;
				PRODUCT_BUNDLE_IDENTIFIER = "com.ioskapps.$(PRODUCT_NAME:rfc1034identifier)";
				PRODUCT_NAME = "$(TARGET_NAME)";
				TEST_HOST = "$(BUILT_PRODUCTS_DIR)/NOCategories.app/NOCategories";
			};
			name = Debug;
		};
		64D100EA1A9B2940006EF915 /* Release */ = {
			isa = XCBuildConfiguration;
			baseConfigurationReference = C449BF908DE806EBA229C099 /* Pods-NOCategoriesTests.release.xcconfig */;
			buildSettings = {
				BUNDLE_LOADER = "$(TEST_HOST)";
				EXECUTABLE_PREFIX = "";
				FRAMEWORK_SEARCH_PATHS = (
					"$(SDKROOT)/Developer/Library/Frameworks",
					"$(inherited)",
				);
				GCC_PRECOMPILE_PREFIX_HEADER = YES;
				GCC_PREFIX_HEADER = NOCategoriesTests/TestPrefix.pch;
				GCC_TREAT_WARNINGS_AS_ERRORS = YES;
				INFOPLIST_FILE = NOCategoriesTests/Info.plist;
				LD_RUNPATH_SEARCH_PATHS = "$(inherited) @executable_path/Frameworks @loader_path/Frameworks";
				PRODUCT_BUNDLE_IDENTIFIER = "com.ioskapps.$(PRODUCT_NAME:rfc1034identifier)";
				PRODUCT_NAME = "$(TARGET_NAME)";
				TEST_HOST = "$(BUILT_PRODUCTS_DIR)/NOCategories.app/NOCategories";
			};
			name = Release;
		};
/* End XCBuildConfiguration section */

/* Begin XCConfigurationList section */
		64D100BD1A9B293F006EF915 /* Build configuration list for PBXProject "NOCategories" */ = {
			isa = XCConfigurationList;
			buildConfigurations = (
				64D100E31A9B2940006EF915 /* Debug */,
				64D100E41A9B2940006EF915 /* Release */,
			);
			defaultConfigurationIsVisible = 0;
			defaultConfigurationName = Release;
		};
		64D100E51A9B2940006EF915 /* Build configuration list for PBXNativeTarget "NOCategories" */ = {
			isa = XCConfigurationList;
			buildConfigurations = (
				64D100E61A9B2940006EF915 /* Debug */,
				64D100E71A9B2940006EF915 /* Release */,
			);
			defaultConfigurationIsVisible = 0;
			defaultConfigurationName = Release;
		};
		64D100E81A9B2940006EF915 /* Build configuration list for PBXNativeTarget "NOCategoriesTests" */ = {
			isa = XCConfigurationList;
			buildConfigurations = (
				64D100E91A9B2940006EF915 /* Debug */,
				64D100EA1A9B2940006EF915 /* Release */,
			);
			defaultConfigurationIsVisible = 0;
			defaultConfigurationName = Release;
		};
/* End XCConfigurationList section */
	};
	rootObject = 64D100BA1A9B293F006EF915 /* Project object */;
}
